
Microsoft Visual Studio Solution File, Format Version 12.00
# Visual Studio 15
Project("{FAE04EC0-301F-11D3-BF4B-00C04F79EFBC}") = "Assembly-CSharp-Editor", "Assembly-CSharp-Editor.csproj", "{A10FD4F5-32B4-8821-2B59-744EB201BBC7}"
EndProject
Project("{FAE04EC0-301F-11D3-BF4B-00C04F79EFBC}") = "Assembly-CSharp", "Assembly-CSharp.csproj", "{E810FF6E-3FB5-AD02-5F1F-F30F15E9702E}"
EndProject
Global
	GlobalSection(SolutionConfigurationPlatforms) = preSolution
		Debug|Any CPU = Debug|Any CPU
		Release|Any CPU = Release|Any CPU
	EndGlobalSection
	GlobalSection(ProjectConfigurationPlatforms) = postSolution
		{A10FD4F5-32B4-8821-2B59-744EB201BBC7}.Debug|Any CPU.ActiveCfg = Debug|Any CPU
		{A10FD4F5-32B4-8821-2B59-744EB201BBC7}.Debug|Any CPU.Build.0 = Debug|Any CPU
		{A10FD4F5-32B4-8821-2B59-744EB201BBC7}.Release|Any CPU.ActiveCfg = Release|Any CPU
		{A10FD4F5-32B4-8821-2B59-744EB201BBC7}.Release|Any CPU.Build.0 = Release|Any CPU
		{E810FF6E-3FB5-AD02-5F1F-F30F15E9702E}.Debug|Any CPU.ActiveCfg = Debug|Any CPU
		{E810FF6E-3FB5-AD02-5F1F-F30F15E9702E}.Debug|Any CPU.Build.0 = Debug|Any CPU
		{E810FF6E-3FB5-AD02-5F1F-F30F15E9702E}.Release|Any CPU.ActiveCfg = Release|Any CPU
		{E810FF6E-3FB5-AD02-5F1F-F30F15E9702E}.Release|Any CPU.Build.0 = Release|Any CPU
	EndGlobalSection
	GlobalSection(SolutionProperties) = preSolution
		HideSolutionNode = FALSE
	EndGlobalSection
EndGlobal
